{
  "name": "@meddleware/sui-token-template",
  "version": "1.0.0",
  "lockfileVersion": 3,
  "requires": true,
  "packages": {
    "": {
      "name": "@meddleware/sui-token-template",
      "version": "1.0.0",
      "license": "CC0-1.0",
      "engines": {
        "node": "^22.18.0 || >=24.12.0"
      }
    }
  }
}
